
Microsoft Visual Studio Solution File, Format Version 12.00
# Visual Studio Version 17
VisualStudioVersion = 17.3.32929.385
MinimumVisualStudioVersion = 10.0.40219.1
Project("{FAE04EC0-301F-11D3-BF4B-00C04F79EFBC}") = "akaryakit2", "akaryakit2\akaryakit2.csproj", "{471B9B22-CCD6-4842-A3EF-8050B1BC7B5C}"
EndProject
Global
	GlobalSection(SolutionConfigurationPlatforms) = preSolution
		Debug|Any CPU = Debug|Any CPU
		Release|Any CPU = Release|Any CPU
	EndGlobalSection
	GlobalSection(ProjectConfigurationPlatforms) = postSolution
		{471B9B22-CCD6-4842-A3EF-8050B1BC7B5C}.Debug|Any CPU.ActiveCfg = Debug|Any CPU
		{471B9B22-CCD6-4842-A3EF-8050B1BC7B5C}.Debug|Any CPU.Build.0 = Debug|Any CPU
		{471B9B22-CCD6-4842-A3EF-8050B1BC7B5C}.Release|Any CPU.ActiveCfg = Release|Any CPU
		{471B9B22-CCD6-4842-A3EF-8050B1BC7B5C}.Release|Any CPU.Build.0 = Release|Any CPU
	EndGlobalSection
	GlobalSection(SolutionProperties) = preSolution
		HideSolutionNode = FALSE
	EndGlobalSection
	GlobalSection(ExtensibilityGlobals) = postSolution
		SolutionGuid = {82A49273-2492-4368-98A4-FF697D40E38B}
	EndGlobalSection
EndGlobal
